
Microsoft Visual Studio Solution File, Format Version 12.00
# Visual Studio Version 16
VisualStudioVersion = 16.0.30128.74
MinimumVisualStudioVersion = 10.0.40219.1
Project("{9A19103F-16F7-4668-BE54-9A1E7A4F7556}") = "PRR.Data.Entities", "Apps\PRR\Data\PRR.Data.Entities\PRR.Data.Entities.csproj", "{089B50F7-FCD4-4464-A81D-DA5ECD6894A3}"
EndProject
Project("{9A19103F-16F7-4668-BE54-9A1E7A4F7556}") = "PRR.Data.DataContext", "Apps\PRR\Data\PRR.Data.DataContext\PRR.Data.DataContext.csproj", "{2ED39DC7-497A-417E-939F-5E2CFF92D9FC}"
EndProject
Project("{9A19103F-16F7-4668-BE54-9A1E7A4F7556}") = "PRR.Data.DataContextMigrations", "Apps\PRR\Data\PRR.Data.DataContextMigrations\PRR.Data.DataContextMigrations.csproj", "{CEA75C4C-50BA-4815-A0A8-F6086F539CA3}"
EndProject
Project("{6EC3EE1D-3C4E-46DD-8F32-0CC8E7565705}") = "DataAvail.Test.Common", "Libs\DataAvail.Test.Common\DataAvail.Test.Common.fsproj", "{8D69BEA0-F3A9-45C4-8E00-6F25433B9ACD}"
EndProject
Project("{6EC3EE1D-3C4E-46DD-8F32-0CC8E7565705}") = "PRR.Domain.Auth", "Apps\PRR\Domain\PRR.Domain.Auth\PRR.Domain.Auth.fsproj", "{4A1ABF9E-3395-4980-98B2-6E23E2B53046}"
EndProject
Project("{6EC3EE1D-3C4E-46DD-8F32-0CC8E7565705}") = "PRR.Domain.Models", "Apps\PRR\Domain\PRR.Domain.Models\PRR.Domain.Models.fsproj", "{68FB0CFF-F3AB-4AF5-BF5D-330C704AF9A6}"
EndProject
Project("{6EC3EE1D-3C4E-46DD-8F32-0CC8E7565705}") = "PRR.API.Auth", "Apps\PRR\PRR.API.Auth\PRR.API.Auth.fsproj", "{C9EE0F56-675E-4611-84D7-0927EC6D50F7}"
EndProject
Project("{2150E333-8FDC-42A3-9474-1A3956D46DE8}") = "Solution Items", "Solution Items", "{792FA996-D568-45C0-A471-89CAFA29BBD2}"
	ProjectSection(SolutionItems) = preProject
		README.md = README.md
	EndProjectSection
EndProject
Project("{6EC3EE1D-3C4E-46DD-8F32-0CC8E7565705}") = "PRR.API.Tests", "Apps\PRR\PRR.API.Tests\PRR.API.Tests.fsproj", "{772FE28F-8CB1-4C14-A2F5-4341334B147C}"
EndProject
Project("{F2A71F9B-5D33-465A-A702-920D77279786}") = "PRR.Domain.Tenant", "Apps\PRR\Domain\PRR.Domain.Tenant\PRR.Domain.Tenant.fsproj", "{D8987677-30CD-4CAB-9CC2-7F0306CB2237}"
EndProject
Project("{F2A71F9B-5D33-465A-A702-920D77279786}") = "FSharp.MongoDB.Driver", "Libs\FSharp.MongoDB.Driver\FSharp.MongoDB.Driver.fsproj", "{6295F578-1EA8-45E4-8588-39CF9F24E016}"
EndProject
Project("{F2A71F9B-5D33-465A-A702-920D77279786}") = "DataAvail.KeyValueStorage.Mongo", "Libs\DataAvail.KeyValueStorage.Mongo\DataAvail.KeyValueStorage.Mongo.fsproj", "{EEE1B0C4-DA15-433D-9A85-8DE74E77F174}"
EndProject
Project("{F2A71F9B-5D33-465A-A702-920D77279786}") = "DataAvail.KeyValueStorage.Mongo.Tests", "Libs\DataAvail.KeyValueStorage.Mongo.Tests\DataAvail.KeyValueStorage.Mongo.Tests.fsproj", "{E720AAD5-61B7-416A-B63D-ACE3450E7C9A}"
EndProject
Project("{F2A71F9B-5D33-465A-A702-920D77279786}") = "PRR.Domain.Common", "Apps\PRR\Domain\PRR.Domain.Common\PRR.Domain.Common.fsproj", "{265ED96E-93F9-4AF5-92E8-C49625FD8E6C}"
EndProject
Project("{F2A71F9B-5D33-465A-A702-920D77279786}") = "DataAvail.ListQuery.Core", "Libs\DataAvail.ListQuery\DataAvail.ListQuery.Core\DataAvail.ListQuery.Core.fsproj", "{C709F9FB-F192-4498-976A-61BCAA1E6A63}"
EndProject
Project("{F2A71F9B-5D33-465A-A702-920D77279786}") = "DataAvail.Common", "Libs\DataAvail.Common\DataAvail.Common.fsproj", "{99E4FA6F-1D28-460D-A68C-9EBEDDC56AB2}"
EndProject
Project("{F2A71F9B-5D33-465A-A702-920D77279786}") = "DataAvail.ListQuery.Mongo", "Libs\DataAvail.ListQuery\DataAvail.ListQuery.Mongo\DataAvail.ListQuery.Mongo.fsproj", "{647338B2-9413-4B62-89F0-0F5320512970}"
EndProject
Project("{F2A71F9B-5D33-465A-A702-920D77279786}") = "DataAvail.EntityFramework.Common", "Libs\DataAvail.EntityFramework.Common\DataAvail.EntityFramework.Common.fsproj", "{0E4E04EB-33F6-4D46-A81D-B51079056307}"
EndProject
Project("{F2A71F9B-5D33-465A-A702-920D77279786}") = "DataAvail.ListQuery.EntityFramework", "Libs\DataAvail.ListQuery\DataAvail.ListQuery.EntityFramework\DataAvail.ListQuery.EntityFramework.fsproj", "{9A3B1C73-8C43-4D27-B7DD-94AEFC7C9261}"
EndProject
Project("{F2A71F9B-5D33-465A-A702-920D77279786}") = "DataAvail.Giraffe.Common", "Libs\DataAvail.Giraffe.Common\DataAvail.Giraffe.Common.fsproj", "{169C87F8-EF6B-4DAE-A86F-A335430ED835}"
EndProject
Project("{F2A71F9B-5D33-465A-A702-920D77279786}") = "DataAvail.Http.Exceptions", "Libs\DataAvail.Http.Exceptions\DataAvail.Http.Exceptions.fsproj", "{C1F643C7-50E7-4145-AE56-C0F510D03476}"
EndProject
Project("{F2A71F9B-5D33-465A-A702-920D77279786}") = "DataAvail.HttpRequest.Core", "Libs\DataAvail.HttpRequest\DataAvail.HttpRequest.Core\DataAvail.HttpRequest.Core.fsproj", "{E4077CF3-01ED-4238-890D-EED0932A4691}"
EndProject
Project("{F2A71F9B-5D33-465A-A702-920D77279786}") = "DataAvail.HttpRequest.HttpFs", "Libs\DataAvail.HttpRequest\DataAvail.HttpRequest.HttpFs\DataAvail.HttpRequest.HttpFs.fsproj", "{DFA7AA9B-ABBC-48D7-B743-1F013072B3EC}"
EndProject
Project("{F2A71F9B-5D33-465A-A702-920D77279786}") = "PRR.API.Tenant", "Apps\PRR\PRR.API.Tenant\PRR.API.Tenant.fsproj", "{3D9A3471-93F5-4B6C-9FC0-B235EE78CEA6}"
EndProject
Project("{F2A71F9B-5D33-465A-A702-920D77279786}") = "PRR.API.Common", "Apps\PRR\PRR.API.Common\PRR.API.Common.fsproj", "{E48DEF1F-9AFF-4DA9-82B3-42B5C42489E1}"
EndProject
Project("{F2A71F9B-5D33-465A-A702-920D77279786}") = "NamelessInteractive.FSharp.MongoDB", "Libs\NamelessInteractive.FSharp.MongoDB\NamelessInteractive.FSharp.MongoDB.fsproj", "{9CA5E5DE-7AD0-49C1-A6BE-387A6ABA61B5}"
EndProject
Global
	GlobalSection(SolutionConfigurationPlatforms) = preSolution
		Debug|Any CPU = Debug|Any CPU
		Release|Any CPU = Release|Any CPU
		Test|Any CPU = Test|Any CPU
		E2E|Any CPU = E2E|Any CPU
		Stage|Any CPU = Stage|Any CPU
	EndGlobalSection
	GlobalSection(ProjectConfigurationPlatforms) = postSolution
		{089B50F7-FCD4-4464-A81D-DA5ECD6894A3}.Debug|Any CPU.ActiveCfg = Debug|Any CPU
		{089B50F7-FCD4-4464-A81D-DA5ECD6894A3}.Debug|Any CPU.Build.0 = Debug|Any CPU
		{089B50F7-FCD4-4464-A81D-DA5ECD6894A3}.Release|Any CPU.ActiveCfg = Release|Any CPU
		{089B50F7-FCD4-4464-A81D-DA5ECD6894A3}.Release|Any CPU.Build.0 = Release|Any CPU
		{089B50F7-FCD4-4464-A81D-DA5ECD6894A3}.Test|Any CPU.ActiveCfg = Debug|Any CPU
		{089B50F7-FCD4-4464-A81D-DA5ECD6894A3}.Test|Any CPU.Build.0 = Debug|Any CPU
		{089B50F7-FCD4-4464-A81D-DA5ECD6894A3}.E2E|Any CPU.ActiveCfg = E2E|Any CPU
		{089B50F7-FCD4-4464-A81D-DA5ECD6894A3}.E2E|Any CPU.Build.0 = E2E|Any CPU
		{089B50F7-FCD4-4464-A81D-DA5ECD6894A3}.Stage|Any CPU.ActiveCfg = Stage|Any CPU
		{089B50F7-FCD4-4464-A81D-DA5ECD6894A3}.Stage|Any CPU.Build.0 = Stage|Any CPU
		{2ED39DC7-497A-417E-939F-5E2CFF92D9FC}.Debug|Any CPU.ActiveCfg = Debug|Any CPU
		{2ED39DC7-497A-417E-939F-5E2CFF92D9FC}.Debug|Any CPU.Build.0 = Debug|Any CPU
		{2ED39DC7-497A-417E-939F-5E2CFF92D9FC}.Release|Any CPU.ActiveCfg = Release|Any CPU
		{2ED39DC7-497A-417E-939F-5E2CFF92D9FC}.Release|Any CPU.Build.0 = Release|Any CPU
		{2ED39DC7-497A-417E-939F-5E2CFF92D9FC}.Test|Any CPU.ActiveCfg = Debug|Any CPU
		{2ED39DC7-497A-417E-939F-5E2CFF92D9FC}.Test|Any CPU.Build.0 = Debug|Any CPU
		{2ED39DC7-497A-417E-939F-5E2CFF92D9FC}.E2E|Any CPU.ActiveCfg = E2E|Any CPU
		{2ED39DC7-497A-417E-939F-5E2CFF92D9FC}.E2E|Any CPU.Build.0 = E2E|Any CPU
		{2ED39DC7-497A-417E-939F-5E2CFF92D9FC}.Stage|Any CPU.ActiveCfg = Stage|Any CPU
		{2ED39DC7-497A-417E-939F-5E2CFF92D9FC}.Stage|Any CPU.Build.0 = Stage|Any CPU
		{CEA75C4C-50BA-4815-A0A8-F6086F539CA3}.Debug|Any CPU.ActiveCfg = Debug|Any CPU
		{CEA75C4C-50BA-4815-A0A8-F6086F539CA3}.Debug|Any CPU.Build.0 = Debug|Any CPU
		{CEA75C4C-50BA-4815-A0A8-F6086F539CA3}.Release|Any CPU.ActiveCfg = Release|Any CPU
		{CEA75C4C-50BA-4815-A0A8-F6086F539CA3}.Release|Any CPU.Build.0 = Release|Any CPU
		{CEA75C4C-50BA-4815-A0A8-F6086F539CA3}.Test|Any CPU.ActiveCfg = Debug|Any CPU
		{CEA75C4C-50BA-4815-A0A8-F6086F539CA3}.Test|Any CPU.Build.0 = Debug|Any CPU
		{CEA75C4C-50BA-4815-A0A8-F6086F539CA3}.E2E|Any CPU.ActiveCfg = E2E|Any CPU
		{CEA75C4C-50BA-4815-A0A8-F6086F539CA3}.E2E|Any CPU.Build.0 = E2E|Any CPU
		{CEA75C4C-50BA-4815-A0A8-F6086F539CA3}.Stage|Any CPU.ActiveCfg = Stage|Any CPU
		{CEA75C4C-50BA-4815-A0A8-F6086F539CA3}.Stage|Any CPU.Build.0 = Stage|Any CPU
		{8D69BEA0-F3A9-45C4-8E00-6F25433B9ACD}.Debug|Any CPU.ActiveCfg = Debug|Any CPU
		{8D69BEA0-F3A9-45C4-8E00-6F25433B9ACD}.Debug|Any CPU.Build.0 = Debug|Any CPU
		{8D69BEA0-F3A9-45C4-8E00-6F25433B9ACD}.Release|Any CPU.ActiveCfg = Release|Any CPU
		{8D69BEA0-F3A9-45C4-8E00-6F25433B9ACD}.Release|Any CPU.Build.0 = Release|Any CPU
		{8D69BEA0-F3A9-45C4-8E00-6F25433B9ACD}.Test|Any CPU.ActiveCfg = Debug|Any CPU
		{8D69BEA0-F3A9-45C4-8E00-6F25433B9ACD}.Test|Any CPU.Build.0 = Debug|Any CPU
		{8D69BEA0-F3A9-45C4-8E00-6F25433B9ACD}.E2E|Any CPU.ActiveCfg = E2E|Any CPU
		{8D69BEA0-F3A9-45C4-8E00-6F25433B9ACD}.E2E|Any CPU.Build.0 = E2E|Any CPU
		{8D69BEA0-F3A9-45C4-8E00-6F25433B9ACD}.Stage|Any CPU.ActiveCfg = Stage|Any CPU
		{8D69BEA0-F3A9-45C4-8E00-6F25433B9ACD}.Stage|Any CPU.Build.0 = Stage|Any CPU
		{4A1ABF9E-3395-4980-98B2-6E23E2B53046}.Debug|Any CPU.ActiveCfg = Debug|Any CPU
		{4A1ABF9E-3395-4980-98B2-6E23E2B53046}.Debug|Any CPU.Build.0 = Debug|Any CPU
		{4A1ABF9E-3395-4980-98B2-6E23E2B53046}.Release|Any CPU.ActiveCfg = Release|Any CPU
		{4A1ABF9E-3395-4980-98B2-6E23E2B53046}.Release|Any CPU.Build.0 = Release|Any CPU
		{4A1ABF9E-3395-4980-98B2-6E23E2B53046}.Test|Any CPU.ActiveCfg = Debug|Any CPU
		{4A1ABF9E-3395-4980-98B2-6E23E2B53046}.Test|Any CPU.Build.0 = Debug|Any CPU
		{4A1ABF9E-3395-4980-98B2-6E23E2B53046}.E2E|Any CPU.ActiveCfg = E2E|Any CPU
		{4A1ABF9E-3395-4980-98B2-6E23E2B53046}.E2E|Any CPU.Build.0 = E2E|Any CPU
		{4A1ABF9E-3395-4980-98B2-6E23E2B53046}.Stage|Any CPU.ActiveCfg = Stage|Any CPU
		{4A1ABF9E-3395-4980-98B2-6E23E2B53046}.Stage|Any CPU.Build.0 = Stage|Any CPU
		{68FB0CFF-F3AB-4AF5-BF5D-330C704AF9A6}.Debug|Any CPU.ActiveCfg = Debug|Any CPU
		{68FB0CFF-F3AB-4AF5-BF5D-330C704AF9A6}.Debug|Any CPU.Build.0 = Debug|Any CPU
		{68FB0CFF-F3AB-4AF5-BF5D-330C704AF9A6}.Release|Any CPU.ActiveCfg = Release|Any CPU
		{68FB0CFF-F3AB-4AF5-BF5D-330C704AF9A6}.Release|Any CPU.Build.0 = Release|Any CPU
		{68FB0CFF-F3AB-4AF5-BF5D-330C704AF9A6}.Test|Any CPU.ActiveCfg = Debug|Any CPU
		{68FB0CFF-F3AB-4AF5-BF5D-330C704AF9A6}.Test|Any CPU.Build.0 = Debug|Any CPU
		{68FB0CFF-F3AB-4AF5-BF5D-330C704AF9A6}.E2E|Any CPU.ActiveCfg = E2E|Any CPU
		{68FB0CFF-F3AB-4AF5-BF5D-330C704AF9A6}.E2E|Any CPU.Build.0 = E2E|Any CPU
		{68FB0CFF-F3AB-4AF5-BF5D-330C704AF9A6}.Stage|Any CPU.ActiveCfg = Stage|Any CPU
		{68FB0CFF-F3AB-4AF5-BF5D-330C704AF9A6}.Stage|Any CPU.Build.0 = Stage|Any CPU
		{C9EE0F56-675E-4611-84D7-0927EC6D50F7}.Debug|Any CPU.ActiveCfg = Debug|Any CPU
		{C9EE0F56-675E-4611-84D7-0927EC6D50F7}.Debug|Any CPU.Build.0 = Debug|Any CPU
		{C9EE0F56-675E-4611-84D7-0927EC6D50F7}.Release|Any CPU.ActiveCfg = Release|Any CPU
		{C9EE0F56-675E-4611-84D7-0927EC6D50F7}.Release|Any CPU.Build.0 = Release|Any CPU
		{C9EE0F56-675E-4611-84D7-0927EC6D50F7}.Test|Any CPU.ActiveCfg = Test|Any CPU
		{C9EE0F56-675E-4611-84D7-0927EC6D50F7}.Test|Any CPU.Build.0 = Test|Any CPU
		{C9EE0F56-675E-4611-84D7-0927EC6D50F7}.E2E|Any CPU.ActiveCfg = E2E|Any CPU
		{C9EE0F56-675E-4611-84D7-0927EC6D50F7}.E2E|Any CPU.Build.0 = E2E|Any CPU
		{C9EE0F56-675E-4611-84D7-0927EC6D50F7}.Stage|Any CPU.ActiveCfg = Stage|Any CPU
		{C9EE0F56-675E-4611-84D7-0927EC6D50F7}.Stage|Any CPU.Build.0 = Stage|Any CPU
		{772FE28F-8CB1-4C14-A2F5-4341334B147C}.Debug|Any CPU.ActiveCfg = Debug|Any CPU
		{772FE28F-8CB1-4C14-A2F5-4341334B147C}.Debug|Any CPU.Build.0 = Debug|Any CPU
		{772FE28F-8CB1-4C14-A2F5-4341334B147C}.Release|Any CPU.ActiveCfg = Release|Any CPU
		{772FE28F-8CB1-4C14-A2F5-4341334B147C}.Release|Any CPU.Build.0 = Release|Any CPU
		{772FE28F-8CB1-4C14-A2F5-4341334B147C}.Test|Any CPU.ActiveCfg = Test|Any CPU
		{772FE28F-8CB1-4C14-A2F5-4341334B147C}.Test|Any CPU.Build.0 = Test|Any CPU
		{772FE28F-8CB1-4C14-A2F5-4341334B147C}.E2E|Any CPU.ActiveCfg = E2E|Any CPU
		{772FE28F-8CB1-4C14-A2F5-4341334B147C}.E2E|Any CPU.Build.0 = E2E|Any CPU
		{772FE28F-8CB1-4C14-A2F5-4341334B147C}.Stage|Any CPU.ActiveCfg = Stage|Any CPU
		{772FE28F-8CB1-4C14-A2F5-4341334B147C}.Stage|Any CPU.Build.0 = Stage|Any CPU
		{D8987677-30CD-4CAB-9CC2-7F0306CB2237}.Debug|Any CPU.ActiveCfg = Debug|Any CPU
		{D8987677-30CD-4CAB-9CC2-7F0306CB2237}.Debug|Any CPU.Build.0 = Debug|Any CPU
		{D8987677-30CD-4CAB-9CC2-7F0306CB2237}.Release|Any CPU.ActiveCfg = Release|Any CPU
		{D8987677-30CD-4CAB-9CC2-7F0306CB2237}.Release|Any CPU.Build.0 = Release|Any CPU
		{D8987677-30CD-4CAB-9CC2-7F0306CB2237}.Test|Any CPU.ActiveCfg = Debug|Any CPU
		{D8987677-30CD-4CAB-9CC2-7F0306CB2237}.Test|Any CPU.Build.0 = Debug|Any CPU
		{D8987677-30CD-4CAB-9CC2-7F0306CB2237}.E2E|Any CPU.ActiveCfg = E2E|Any CPU
		{D8987677-30CD-4CAB-9CC2-7F0306CB2237}.E2E|Any CPU.Build.0 = E2E|Any CPU
		{D8987677-30CD-4CAB-9CC2-7F0306CB2237}.Stage|Any CPU.ActiveCfg = Stage|Any CPU
		{D8987677-30CD-4CAB-9CC2-7F0306CB2237}.Stage|Any CPU.Build.0 = Stage|Any CPU
		{6295F578-1EA8-45E4-8588-39CF9F24E016}.Debug|Any CPU.ActiveCfg = Debug|Any CPU
		{6295F578-1EA8-45E4-8588-39CF9F24E016}.Debug|Any CPU.Build.0 = Debug|Any CPU
		{6295F578-1EA8-45E4-8588-39CF9F24E016}.Release|Any CPU.ActiveCfg = Release|Any CPU
		{6295F578-1EA8-45E4-8588-39CF9F24E016}.Release|Any CPU.Build.0 = Release|Any CPU
		{6295F578-1EA8-45E4-8588-39CF9F24E016}.Test|Any CPU.ActiveCfg = Debug|Any CPU
		{6295F578-1EA8-45E4-8588-39CF9F24E016}.Test|Any CPU.Build.0 = Debug|Any CPU
		{6295F578-1EA8-45E4-8588-39CF9F24E016}.E2E|Any CPU.ActiveCfg = Debug|Any CPU
		{6295F578-1EA8-45E4-8588-39CF9F24E016}.E2E|Any CPU.Build.0 = Debug|Any CPU
		{6295F578-1EA8-45E4-8588-39CF9F24E016}.Stage|Any CPU.ActiveCfg = Debug|Any CPU
		{6295F578-1EA8-45E4-8588-39CF9F24E016}.Stage|Any CPU.Build.0 = Debug|Any CPU
		{EEE1B0C4-DA15-433D-9A85-8DE74E77F174}.Debug|Any CPU.ActiveCfg = Debug|Any CPU
		{EEE1B0C4-DA15-433D-9A85-8DE74E77F174}.Debug|Any CPU.Build.0 = Debug|Any CPU
		{EEE1B0C4-DA15-433D-9A85-8DE74E77F174}.Release|Any CPU.ActiveCfg = Release|Any CPU
		{EEE1B0C4-DA15-433D-9A85-8DE74E77F174}.Release|Any CPU.Build.0 = Release|Any CPU
		{EEE1B0C4-DA15-433D-9A85-8DE74E77F174}.Test|Any CPU.ActiveCfg = Debug|Any CPU
		{EEE1B0C4-DA15-433D-9A85-8DE74E77F174}.Test|Any CPU.Build.0 = Debug|Any CPU
		{EEE1B0C4-DA15-433D-9A85-8DE74E77F174}.E2E|Any CPU.ActiveCfg = Debug|Any CPU
		{EEE1B0C4-DA15-433D-9A85-8DE74E77F174}.E2E|Any CPU.Build.0 = Debug|Any CPU
		{EEE1B0C4-DA15-433D-9A85-8DE74E77F174}.Stage|Any CPU.ActiveCfg = Debug|Any CPU
		{EEE1B0C4-DA15-433D-9A85-8DE74E77F174}.Stage|Any CPU.Build.0 = Debug|Any CPU
		{E720AAD5-61B7-416A-B63D-ACE3450E7C9A}.Debug|Any CPU.ActiveCfg = Debug|Any CPU
		{E720AAD5-61B7-416A-B63D-ACE3450E7C9A}.Debug|Any CPU.Build.0 = Debug|Any CPU
		{E720AAD5-61B7-416A-B63D-ACE3450E7C9A}.Release|Any CPU.ActiveCfg = Release|Any CPU
		{E720AAD5-61B7-416A-B63D-ACE3450E7C9A}.Release|Any CPU.Build.0 = Release|Any CPU
		{E720AAD5-61B7-416A-B63D-ACE3450E7C9A}.Test|Any CPU.ActiveCfg = Debug|Any CPU
		{E720AAD5-61B7-416A-B63D-ACE3450E7C9A}.Test|Any CPU.Build.0 = Debug|Any CPU
		{E720AAD5-61B7-416A-B63D-ACE3450E7C9A}.E2E|Any CPU.ActiveCfg = Debug|Any CPU
		{E720AAD5-61B7-416A-B63D-ACE3450E7C9A}.E2E|Any CPU.Build.0 = Debug|Any CPU
		{E720AAD5-61B7-416A-B63D-ACE3450E7C9A}.Stage|Any CPU.ActiveCfg = Debug|Any CPU
		{E720AAD5-61B7-416A-B63D-ACE3450E7C9A}.Stage|Any CPU.Build.0 = Debug|Any CPU
		{265ED96E-93F9-4AF5-92E8-C49625FD8E6C}.Debug|Any CPU.ActiveCfg = Debug|Any CPU
		{265ED96E-93F9-4AF5-92E8-C49625FD8E6C}.Debug|Any CPU.Build.0 = Debug|Any CPU
		{265ED96E-93F9-4AF5-92E8-C49625FD8E6C}.Release|Any CPU.ActiveCfg = Release|Any CPU
		{265ED96E-93F9-4AF5-92E8-C49625FD8E6C}.Release|Any CPU.Build.0 = Release|Any CPU
		{265ED96E-93F9-4AF5-92E8-C49625FD8E6C}.Test|Any CPU.ActiveCfg = Debug|Any CPU
		{265ED96E-93F9-4AF5-92E8-C49625FD8E6C}.Test|Any CPU.Build.0 = Debug|Any CPU
		{265ED96E-93F9-4AF5-92E8-C49625FD8E6C}.E2E|Any CPU.ActiveCfg = Debug|Any CPU
		{265ED96E-93F9-4AF5-92E8-C49625FD8E6C}.E2E|Any CPU.Build.0 = Debug|Any CPU
		{265ED96E-93F9-4AF5-92E8-C49625FD8E6C}.Stage|Any CPU.ActiveCfg = Debug|Any CPU
		{265ED96E-93F9-4AF5-92E8-C49625FD8E6C}.Stage|Any CPU.Build.0 = Debug|Any CPU
		{C709F9FB-F192-4498-976A-61BCAA1E6A63}.Debug|Any CPU.ActiveCfg = Debug|Any CPU
		{C709F9FB-F192-4498-976A-61BCAA1E6A63}.Debug|Any CPU.Build.0 = Debug|Any CPU
		{C709F9FB-F192-4498-976A-61BCAA1E6A63}.Release|Any CPU.ActiveCfg = Release|Any CPU
		{C709F9FB-F192-4498-976A-61BCAA1E6A63}.Release|Any CPU.Build.0 = Release|Any CPU
		{C709F9FB-F192-4498-976A-61BCAA1E6A63}.Test|Any CPU.ActiveCfg = Debug|Any CPU
		{C709F9FB-F192-4498-976A-61BCAA1E6A63}.Test|Any CPU.Build.0 = Debug|Any CPU
		{C709F9FB-F192-4498-976A-61BCAA1E6A63}.E2E|Any CPU.ActiveCfg = Debug|Any CPU
		{C709F9FB-F192-4498-976A-61BCAA1E6A63}.E2E|Any CPU.Build.0 = Debug|Any CPU
		{C709F9FB-F192-4498-976A-61BCAA1E6A63}.Stage|Any CPU.ActiveCfg = Debug|Any CPU
		{C709F9FB-F192-4498-976A-61BCAA1E6A63}.Stage|Any CPU.Build.0 = Debug|Any CPU
		{99E4FA6F-1D28-460D-A68C-9EBEDDC56AB2}.Debug|Any CPU.ActiveCfg = Debug|Any CPU
		{99E4FA6F-1D28-460D-A68C-9EBEDDC56AB2}.Debug|Any CPU.Build.0 = Debug|Any CPU
		{99E4FA6F-1D28-460D-A68C-9EBEDDC56AB2}.Release|Any CPU.ActiveCfg = Release|Any CPU
		{99E4FA6F-1D28-460D-A68C-9EBEDDC56AB2}.Release|Any CPU.Build.0 = Release|Any CPU
		{99E4FA6F-1D28-460D-A68C-9EBEDDC56AB2}.Test|Any CPU.ActiveCfg = Debug|Any CPU
		{99E4FA6F-1D28-460D-A68C-9EBEDDC56AB2}.Test|Any CPU.Build.0 = Debug|Any CPU
		{99E4FA6F-1D28-460D-A68C-9EBEDDC56AB2}.E2E|Any CPU.ActiveCfg = Debug|Any CPU
		{99E4FA6F-1D28-460D-A68C-9EBEDDC56AB2}.E2E|Any CPU.Build.0 = Debug|Any CPU
		{99E4FA6F-1D28-460D-A68C-9EBEDDC56AB2}.Stage|Any CPU.ActiveCfg = Debug|Any CPU
		{99E4FA6F-1D28-460D-A68C-9EBEDDC56AB2}.Stage|Any CPU.Build.0 = Debug|Any CPU
		{647338B2-9413-4B62-89F0-0F5320512970}.Debug|Any CPU.ActiveCfg = Debug|Any CPU
		{647338B2-9413-4B62-89F0-0F5320512970}.Debug|Any CPU.Build.0 = Debug|Any CPU
		{647338B2-9413-4B62-89F0-0F5320512970}.Release|Any CPU.ActiveCfg = Release|Any CPU
		{647338B2-9413-4B62-89F0-0F5320512970}.Release|Any CPU.Build.0 = Release|Any CPU
		{647338B2-9413-4B62-89F0-0F5320512970}.Test|Any CPU.ActiveCfg = Debug|Any CPU
		{647338B2-9413-4B62-89F0-0F5320512970}.Test|Any CPU.Build.0 = Debug|Any CPU
		{647338B2-9413-4B62-89F0-0F5320512970}.E2E|Any CPU.ActiveCfg = Debug|Any CPU
		{647338B2-9413-4B62-89F0-0F5320512970}.E2E|Any CPU.Build.0 = Debug|Any CPU
		{647338B2-9413-4B62-89F0-0F5320512970}.Stage|Any CPU.ActiveCfg = Debug|Any CPU
		{647338B2-9413-4B62-89F0-0F5320512970}.Stage|Any CPU.Build.0 = Debug|Any CPU
		{0E4E04EB-33F6-4D46-A81D-B51079056307}.Debug|Any CPU.ActiveCfg = Debug|Any CPU
		{0E4E04EB-33F6-4D46-A81D-B51079056307}.Debug|Any CPU.Build.0 = Debug|Any CPU
		{0E4E04EB-33F6-4D46-A81D-B51079056307}.Release|Any CPU.ActiveCfg = Release|Any CPU
		{0E4E04EB-33F6-4D46-A81D-B51079056307}.Release|Any CPU.Build.0 = Release|Any CPU
		{0E4E04EB-33F6-4D46-A81D-B51079056307}.Test|Any CPU.ActiveCfg = Debug|Any CPU
		{0E4E04EB-33F6-4D46-A81D-B51079056307}.Test|Any CPU.Build.0 = Debug|Any CPU
		{0E4E04EB-33F6-4D46-A81D-B51079056307}.E2E|Any CPU.ActiveCfg = Debug|Any CPU
		{0E4E04EB-33F6-4D46-A81D-B51079056307}.E2E|Any CPU.Build.0 = Debug|Any CPU
		{0E4E04EB-33F6-4D46-A81D-B51079056307}.Stage|Any CPU.ActiveCfg = Debug|Any CPU
		{0E4E04EB-33F6-4D46-A81D-B51079056307}.Stage|Any CPU.Build.0 = Debug|Any CPU
		{9A3B1C73-8C43-4D27-B7DD-94AEFC7C9261}.Debug|Any CPU.ActiveCfg = Debug|Any CPU
		{9A3B1C73-8C43-4D27-B7DD-94AEFC7C9261}.Debug|Any CPU.Build.0 = Debug|Any CPU
		{9A3B1C73-8C43-4D27-B7DD-94AEFC7C9261}.Release|Any CPU.ActiveCfg = Release|Any CPU
		{9A3B1C73-8C43-4D27-B7DD-94AEFC7C9261}.Release|Any CPU.Build.0 = Release|Any CPU
		{9A3B1C73-8C43-4D27-B7DD-94AEFC7C9261}.Test|Any CPU.ActiveCfg = Debug|Any CPU
		{9A3B1C73-8C43-4D27-B7DD-94AEFC7C9261}.Test|Any CPU.Build.0 = Debug|Any CPU
		{9A3B1C73-8C43-4D27-B7DD-94AEFC7C9261}.E2E|Any CPU.ActiveCfg = Debug|Any CPU
		{9A3B1C73-8C43-4D27-B7DD-94AEFC7C9261}.E2E|Any CPU.Build.0 = Debug|Any CPU
		{9A3B1C73-8C43-4D27-B7DD-94AEFC7C9261}.Stage|Any CPU.ActiveCfg = Debug|Any CPU
		{9A3B1C73-8C43-4D27-B7DD-94AEFC7C9261}.Stage|Any CPU.Build.0 = Debug|Any CPU
		{169C87F8-EF6B-4DAE-A86F-A335430ED835}.Debug|Any CPU.ActiveCfg = Debug|Any CPU
		{169C87F8-EF6B-4DAE-A86F-A335430ED835}.Debug|Any CPU.Build.0 = Debug|Any CPU
		{169C87F8-EF6B-4DAE-A86F-A335430ED835}.Release|Any CPU.ActiveCfg = Release|Any CPU
		{169C87F8-EF6B-4DAE-A86F-A335430ED835}.Release|Any CPU.Build.0 = Release|Any CPU
		{169C87F8-EF6B-4DAE-A86F-A335430ED835}.Test|Any CPU.ActiveCfg = Debug|Any CPU
		{169C87F8-EF6B-4DAE-A86F-A335430ED835}.Test|Any CPU.Build.0 = Debug|Any CPU
		{169C87F8-EF6B-4DAE-A86F-A335430ED835}.E2E|Any CPU.ActiveCfg = Debug|Any CPU
		{169C87F8-EF6B-4DAE-A86F-A335430ED835}.E2E|Any CPU.Build.0 = Debug|Any CPU
		{169C87F8-EF6B-4DAE-A86F-A335430ED835}.Stage|Any CPU.ActiveCfg = Debug|Any CPU
		{169C87F8-EF6B-4DAE-A86F-A335430ED835}.Stage|Any CPU.Build.0 = Debug|Any CPU
		{C1F643C7-50E7-4145-AE56-C0F510D03476}.Debug|Any CPU.ActiveCfg = Debug|Any CPU
		{C1F643C7-50E7-4145-AE56-C0F510D03476}.Debug|Any CPU.Build.0 = Debug|Any CPU
		{C1F643C7-50E7-4145-AE56-C0F510D03476}.Release|Any CPU.ActiveCfg = Release|Any CPU
		{C1F643C7-50E7-4145-AE56-C0F510D03476}.Release|Any CPU.Build.0 = Release|Any CPU
		{C1F643C7-50E7-4145-AE56-C0F510D03476}.Test|Any CPU.ActiveCfg = Debug|Any CPU
		{C1F643C7-50E7-4145-AE56-C0F510D03476}.Test|Any CPU.Build.0 = Debug|Any CPU
		{C1F643C7-50E7-4145-AE56-C0F510D03476}.E2E|Any CPU.ActiveCfg = Debug|Any CPU
		{C1F643C7-50E7-4145-AE56-C0F510D03476}.E2E|Any CPU.Build.0 = Debug|Any CPU
		{C1F643C7-50E7-4145-AE56-C0F510D03476}.Stage|Any CPU.ActiveCfg = Debug|Any CPU
		{C1F643C7-50E7-4145-AE56-C0F510D03476}.Stage|Any CPU.Build.0 = Debug|Any CPU
		{E4077CF3-01ED-4238-890D-EED0932A4691}.Debug|Any CPU.ActiveCfg = Debug|Any CPU
		{E4077CF3-01ED-4238-890D-EED0932A4691}.Debug|Any CPU.Build.0 = Debug|Any CPU
		{E4077CF3-01ED-4238-890D-EED0932A4691}.Release|Any CPU.ActiveCfg = Release|Any CPU
		{E4077CF3-01ED-4238-890D-EED0932A4691}.Release|Any CPU.Build.0 = Release|Any CPU
		{E4077CF3-01ED-4238-890D-EED0932A4691}.Test|Any CPU.ActiveCfg = Debug|Any CPU
		{E4077CF3-01ED-4238-890D-EED0932A4691}.Test|Any CPU.Build.0 = Debug|Any CPU
		{E4077CF3-01ED-4238-890D-EED0932A4691}.E2E|Any CPU.ActiveCfg = Debug|Any CPU
		{E4077CF3-01ED-4238-890D-EED0932A4691}.E2E|Any CPU.Build.0 = Debug|Any CPU
		{E4077CF3-01ED-4238-890D-EED0932A4691}.Stage|Any CPU.ActiveCfg = Debug|Any CPU
		{E4077CF3-01ED-4238-890D-EED0932A4691}.Stage|Any CPU.Build.0 = Debug|Any CPU
		{DFA7AA9B-ABBC-48D7-B743-1F013072B3EC}.Debug|Any CPU.ActiveCfg = Debug|Any CPU
		{DFA7AA9B-ABBC-48D7-B743-1F013072B3EC}.Debug|Any CPU.Build.0 = Debug|Any CPU
		{DFA7AA9B-ABBC-48D7-B743-1F013072B3EC}.Release|Any CPU.ActiveCfg = Release|Any CPU
		{DFA7AA9B-ABBC-48D7-B743-1F013072B3EC}.Release|Any CPU.Build.0 = Release|Any CPU
		{DFA7AA9B-ABBC-48D7-B743-1F013072B3EC}.Test|Any CPU.ActiveCfg = Debug|Any CPU
		{DFA7AA9B-ABBC-48D7-B743-1F013072B3EC}.Test|Any CPU.Build.0 = Debug|Any CPU
		{DFA7AA9B-ABBC-48D7-B743-1F013072B3EC}.E2E|Any CPU.ActiveCfg = Debug|Any CPU
		{DFA7AA9B-ABBC-48D7-B743-1F013072B3EC}.E2E|Any CPU.Build.0 = Debug|Any CPU
		{DFA7AA9B-ABBC-48D7-B743-1F013072B3EC}.Stage|Any CPU.ActiveCfg = Debug|Any CPU
		{DFA7AA9B-ABBC-48D7-B743-1F013072B3EC}.Stage|Any CPU.Build.0 = Debug|Any CPU
		{3D9A3471-93F5-4B6C-9FC0-B235EE78CEA6}.Debug|Any CPU.ActiveCfg = Debug|Any CPU
		{3D9A3471-93F5-4B6C-9FC0-B235EE78CEA6}.Debug|Any CPU.Build.0 = Debug|Any CPU
		{3D9A3471-93F5-4B6C-9FC0-B235EE78CEA6}.Release|Any CPU.ActiveCfg = Release|Any CPU
		{3D9A3471-93F5-4B6C-9FC0-B235EE78CEA6}.Release|Any CPU.Build.0 = Release|Any CPU
		{3D9A3471-93F5-4B6C-9FC0-B235EE78CEA6}.E2E|Any CPU.ActiveCfg = Debug|Any CPU
		{3D9A3471-93F5-4B6C-9FC0-B235EE78CEA6}.E2E|Any CPU.Build.0 = Debug|Any CPU
		{3D9A3471-93F5-4B6C-9FC0-B235EE78CEA6}.Stage|Any CPU.ActiveCfg = Debug|Any CPU
		{3D9A3471-93F5-4B6C-9FC0-B235EE78CEA6}.Stage|Any CPU.Build.0 = Debug|Any CPU
		{3D9A3471-93F5-4B6C-9FC0-B235EE78CEA6}.Test|Any CPU.ActiveCfg = Test|Any CPU
		{3D9A3471-93F5-4B6C-9FC0-B235EE78CEA6}.Test|Any CPU.Build.0 = Test|Any CPU
		{E48DEF1F-9AFF-4DA9-82B3-42B5C42489E1}.Debug|Any CPU.ActiveCfg = Debug|Any CPU
		{E48DEF1F-9AFF-4DA9-82B3-42B5C42489E1}.Debug|Any CPU.Build.0 = Debug|Any CPU
		{E48DEF1F-9AFF-4DA9-82B3-42B5C42489E1}.Release|Any CPU.ActiveCfg = Release|Any CPU
		{E48DEF1F-9AFF-4DA9-82B3-42B5C42489E1}.Release|Any CPU.Build.0 = Release|Any CPU
		{E48DEF1F-9AFF-4DA9-82B3-42B5C42489E1}.E2E|Any CPU.ActiveCfg = Debug|Any CPU
		{E48DEF1F-9AFF-4DA9-82B3-42B5C42489E1}.E2E|Any CPU.Build.0 = Debug|Any CPU
		{E48DEF1F-9AFF-4DA9-82B3-42B5C42489E1}.Stage|Any CPU.ActiveCfg = Debug|Any CPU
		{E48DEF1F-9AFF-4DA9-82B3-42B5C42489E1}.Stage|Any CPU.Build.0 = Debug|Any CPU
		{E48DEF1F-9AFF-4DA9-82B3-42B5C42489E1}.Test|Any CPU.ActiveCfg = Test|Any CPU
		{E48DEF1F-9AFF-4DA9-82B3-42B5C42489E1}.Test|Any CPU.Build.0 = Test|Any CPU
		{9CA5E5DE-7AD0-49C1-A6BE-387A6ABA61B5}.Debug|Any CPU.ActiveCfg = Debug|Any CPU
		{9CA5E5DE-7AD0-49C1-A6BE-387A6ABA61B5}.Debug|Any CPU.Build.0 = Debug|Any CPU
		{9CA5E5DE-7AD0-49C1-A6BE-387A6ABA61B5}.Release|Any CPU.ActiveCfg = Release|Any CPU
		{9CA5E5DE-7AD0-49C1-A6BE-387A6ABA61B5}.Release|Any CPU.Build.0 = Release|Any CPU
		{9CA5E5DE-7AD0-49C1-A6BE-387A6ABA61B5}.Test|Any CPU.ActiveCfg = Debug|Any CPU
		{9CA5E5DE-7AD0-49C1-A6BE-387A6ABA61B5}.Test|Any CPU.Build.0 = Debug|Any CPU
		{9CA5E5DE-7AD0-49C1-A6BE-387A6ABA61B5}.E2E|Any CPU.ActiveCfg = Debug|Any CPU
		{9CA5E5DE-7AD0-49C1-A6BE-387A6ABA61B5}.E2E|Any CPU.Build.0 = Debug|Any CPU
		{9CA5E5DE-7AD0-49C1-A6BE-387A6ABA61B5}.Stage|Any CPU.ActiveCfg = Debug|Any CPU
		{9CA5E5DE-7AD0-49C1-A6BE-387A6ABA61B5}.Stage|Any CPU.Build.0 = Debug|Any CPU
	EndGlobalSection
	GlobalSection(SolutionProperties) = preSolution
		HideSolutionNode = FALSE
	EndGlobalSection
	GlobalSection(ExtensibilityGlobals) = postSolution
		SolutionGuid = {49ACF5E8-6595-4BD1-9AB2-7D9548C0E616}
	EndGlobalSection
EndGlobal
